
Microsoft Visual Studio Solution File, Format Version 12.00
# Visual Studio Version 16
VisualStudioVersion = 16.0.33027.164
MinimumVisualStudioVersion = 10.0.40219.1
Project("{9A19103F-16F7-4668-BE54-9A1E7A4F7556}") = "c-sharp-basics-lingar", "c-sharp-basics-lingar\c-sharp-basics-lingar.csproj", "{09C64140-5E3D-49D0-91C0-54663BF5BC92}"
EndProject
Project("{FAE04EC0-301F-11D3-BF4B-00C04F79EFBC}") = "izhar-algo", "izhar-algo\izhar-algo.csproj", "{BB8F18B3-8AE3-41B5-B714-49BDAEE1ED22}"
EndProject
Global
	GlobalSection(SolutionConfigurationPlatforms) = preSolution
		Debug|Any CPU = Debug|Any CPU
		Release|Any CPU = Release|Any CPU
	EndGlobalSection
	GlobalSection(ProjectConfigurationPlatforms) = postSolution
		{09C64140-5E3D-49D0-91C0-54663BF5BC92}.Debug|Any CPU.ActiveCfg = Debug|Any CPU
		{09C64140-5E3D-49D0-91C0-54663BF5BC92}.Debug|Any CPU.Build.0 = Debug|Any CPU
		{09C64140-5E3D-49D0-91C0-54663BF5BC92}.Release|Any CPU.ActiveCfg = Release|Any CPU
		{09C64140-5E3D-49D0-91C0-54663BF5BC92}.Release|Any CPU.Build.0 = Release|Any CPU
		{BB8F18B3-8AE3-41B5-B714-49BDAEE1ED22}.Debug|Any CPU.ActiveCfg = Debug|Any CPU
		{BB8F18B3-8AE3-41B5-B714-49BDAEE1ED22}.Debug|Any CPU.Build.0 = Debug|Any CPU
		{BB8F18B3-8AE3-41B5-B714-49BDAEE1ED22}.Release|Any CPU.ActiveCfg = Release|Any CPU
		{BB8F18B3-8AE3-41B5-B714-49BDAEE1ED22}.Release|Any CPU.Build.0 = Release|Any CPU
	EndGlobalSection
	GlobalSection(SolutionProperties) = preSolution
		HideSolutionNode = FALSE
	EndGlobalSection
	GlobalSection(ExtensibilityGlobals) = postSolution
		SolutionGuid = {1DD893B0-31BC-4242-8CD6-C177262F8822}
	EndGlobalSection
EndGlobal
